// !$*UTF8*$!
{
	archiveVersion = 1;
	classes = {
	};
	objectVersion = 46;
	objects = {

/* Begin PBXBuildFile section */
		63E07E3B1B6CDCCC0003AFC6 /* main.m in Sources */ = {isa = PBXBuildFile; fileRef = 63E07E3A1B6CDCCC0003AFC6 /* main.m */; };
		63E07E3E1B6CDCCC0003AFC6 /* AppDelegate.m in Sources */ = {isa = PBXBuildFile; fileRef = 63E07E3D1B6CDCCC0003AFC6 /* AppDelegate.m */; };
		63E07E411B6CDCCC0003AFC6 /* SaveFactory.xcdatamodeld in Sources */ = {isa = PBXBuildFile; fileRef = 63E07E3F1B6CDCCC0003AFC6 /* SaveFactory.xcdatamodeld */; };
		63E07E441B6CDCCC0003AFC6 /* ViewController.m in Sources */ = {isa = PBXBuildFile; fileRef = 63E07E431B6CDCCC0003AFC6 /* ViewController.m */; };
		63E07E471B6CDCCC0003AFC6 /* Main.storyboard in Resources */ = {isa = PBXBuildFile; fileRef = 63E07E451B6CDCCC0003AFC6 /* Main.storyboard */; };
		63E07E491B6CDCCC0003AFC6 /* Images.xcassets in Resources */ = {isa = PBXBuildFile; fileRef = 63E07E481B6CDCCC0003AFC6 /* Images.xcassets */; };
		63E07E4C1B6CDCCC0003AFC6 /* LaunchScreen.xib in Resources */ = {isa = PBXBuildFile; fileRef = 63E07E4A1B6CDCCC0003AFC6 /* LaunchScreen.xib */; };
		63E07E581B6CDCCC0003AFC6 /* SaveFactoryTests.m in Sources */ = {isa = PBXBuildFile; fileRef = 63E07E571B6CDCCC0003AFC6 /* SaveFactoryTests.m */; };
		63E07E651B6CDDC70003AFC6 /* SaveUsingPlist.m in Sources */ = {isa = PBXBuildFile; fileRef = 63E07E641B6CDDC70003AFC6 /* SaveUsingPlist.m */; };
		63E07E671B6CDE570003AFC6 /* data.plist in Resources */ = {isa = PBXBuildFile; fileRef = 63E07E661B6CDE570003AFC6 /* data.plist */; };
		63E07E6A1B6EE65D0003AFC6 /* SaveFactory.m in Sources */ = {isa = PBXBuildFile; fileRef = 63E07E691B6EE65C0003AFC6 /* SaveFactory.m */; };
		63E07E6D1B6EE68C0003AFC6 /* SaveUsingRealm.m in Sources */ = {isa = PBXBuildFile; fileRef = 63E07E6C1B6EE68C0003AFC6 /* SaveUsingRealm.m */; };
		63E07E701B6FA1700003AFC6 /* SaveUsingCoreData.m in Sources */ = {isa = PBXBuildFile; fileRef = 63E07E6F1B6FA1700003AFC6 /* SaveUsingCoreData.m */; };
		63E07E731B704A230003AFC6 /* Realm.framework in Frameworks */ = {isa = PBXBuildFile; fileRef = 63E07E721B704A230003AFC6 /* Realm.framework */; };
		63E07E751B704A390003AFC6 /* libc++.dylib in Frameworks */ = {isa = PBXBuildFile; fileRef = 63E07E741B704A390003AFC6 /* libc++.dylib */; };
/* End PBXBuildFile section */

/* Begin PBXContainerItemProxy section */
		63E07E521B6CDCCC0003AFC6 /* PBXContainerItemProxy */ = {
			isa = PBXContainerItemProxy;
			containerPortal = 63E07E2D1B6CDCCC0003AFC6 /* Project object */;
			proxyType = 1;
			remoteGlobalIDString = 63E07E341B6CDCCC0003AFC6;
			remoteInfo = SaveFactory;
		};
/* End PBXContainerItemProxy section */

/* Begin PBXFileReference section */
		63E07E351B6CDCCC0003AFC6 /* SaveFactory.app */ = {isa = PBXFileReference; explicitFileType = wrapper.application; includeInIndex = 0; path = SaveFactory.app; sourceTree = BUILT_PRODUCTS_DIR; };
		63E07E391B6CDCCC0003AFC6 /* Info.plist */ = {isa = PBXFileReference; lastKnownFileType = text.plist.xml; path = Info.plist; sourceTree = "<group>"; };
		63E07E3A1B6CDCCC0003AFC6 /* main.m */ = {isa = PBXFileReference; lastKnownFileType = sourcecode.c.objc; path = main.m; sourceTree = "<group>"; };
		63E07E3C1B6CDCCC0003AFC6 /* AppDelegate.h */ = {isa = PBXFileReference; lastKnownFileType = sourcecode.c.h; path = AppDelegate.h; sourceTree = "<group>"; };
		63E07E3D1B6CDCCC0003AFC6 /* AppDelegate.m */ = {isa = PBXFileReference; lastKnownFileType = sourcecode.c.objc; path = AppDelegate.m; sourceTree = "<group>"; };
		63E07E401B6CDCCC0003AFC6 /* SaveFactory.xcdatamodel */ = {isa = PBXFileReference; lastKnownFileType = wrapper.xcdatamodel; path = SaveFactory.xcdatamodel; sourceTree = "<group>"; };
		63E07E421B6CDCCC0003AFC6 /* ViewController.h */ = {isa = PBXFileReference; lastKnownFileType = sourcecode.c.h; path = ViewController.h; sourceTree = "<group>"; };
		63E07E431B6CDCCC0003AFC6 /* ViewController.m */ = {isa = PBXFileReference; lastKnownFileType = sourcecode.c.objc; path = ViewController.m; sourceTree = "<group>"; };
		63E07E461B6CDCCC0003AFC6 /* Base */ = {isa = PBXFileReference; lastKnownFileType = file.storyboard; name = Base; path = Base.lproj/Main.storyboard; sourceTree = "<group>"; };
		63E07E481B6CDCCC0003AFC6 /* Images.xcassets */ = {isa = PBXFileReference; lastKnownFileType = folder.assetcatalog; path = Images.xcassets; sourceTree = "<group>"; };
		63E07E4B1B6CDCCC0003AFC6 /* Base */ = {isa = PBXFileReference; lastKnownFileType = file.xib; name = Base; path = Base.lproj/LaunchScreen.xib; sourceTree = "<group>"; };
		63E07E511B6CDCCC0003AFC6 /* SaveFactoryTests.xctest */ = {isa = PBXFileReference; explicitFileType = wrapper.cfbundle; includeInIndex = 0; path = SaveFactoryTests.xctest; sourceTree = BUILT_PRODUCTS_DIR; };
		63E07E561B6CDCCC0003AFC6 /* Info.plist */ = {isa = PBXFileReference; lastKnownFileType = text.plist.xml; path = Info.plist; sourceTree = "<group>"; };
		63E07E571B6CDCCC0003AFC6 /* SaveFactoryTests.m */ = {isa = PBXFileReference; lastKnownFileType = sourcecode.c.objc; path = SaveFactoryTests.m; sourceTree = "<group>"; };
		63E07E611B6CDCFF0003AFC6 /* SaveObject.h */ = {isa = PBXFileReference; lastKnownFileType = sourcecode.c.h; path = SaveObject.h; sourceTree = "<group>"; };
		63E07E631B6CDDC70003AFC6 /* SaveUsingPlist.h */ = {isa = PBXFileReference; fileEncoding = 4; lastKnownFileType = sourcecode.c.h; path = SaveUsingPlist.h; sourceTree = "<group>"; };
		63E07E641B6CDDC70003AFC6 /* SaveUsingPlist.m */ = {isa = PBXFileReference; fileEncoding = 4; lastKnownFileType = sourcecode.c.objc; path = SaveUsingPlist.m; sourceTree = "<group>"; };
		63E07E661B6CDE570003AFC6 /* data.plist */ = {isa = PBXFileReference; fileEncoding = 4; lastKnownFileType = text.plist.xml; path = data.plist; sourceTree = "<group>"; };
		63E07E681B6EE65C0003AFC6 /* SaveFactory.h */ = {isa = PBXFileReference; fileEncoding = 4; lastKnownFileType = sourcecode.c.h; path = SaveFactory.h; sourceTree = "<group>"; };
		63E07E691B6EE65C0003AFC6 /* SaveFactory.m */ = {isa = PBXFileReference; fileEncoding = 4; lastKnownFileType = sourcecode.c.objc; path = SaveFactory.m; sourceTree = "<group>"; };
		63E07E6B1B6EE68C0003AFC6 /* SaveUsingRealm.h */ = {isa = PBXFileReference; fileEncoding = 4; lastKnownFileType = sourcecode.c.h; path = SaveUsingRealm.h; sourceTree = "<group>"; };
		63E07E6C1B6EE68C0003AFC6 /* SaveUsingRealm.m */ = {isa = PBXFileReference; fileEncoding = 4; lastKnownFileType = sourcecode.c.objc; path = SaveUsingRealm.m; sourceTree = "<group>"; };
		63E07E6E1B6FA1700003AFC6 /* SaveUsingCoreData.h */ = {isa = PBXFileReference; fileEncoding = 4; lastKnownFileType = sourcecode.c.h; path = SaveUsingCoreData.h; sourceTree = "<group>"; };
		63E07E6F1B6FA1700003AFC6 /* SaveUsingCoreData.m */ = {isa = PBXFileReference; fileEncoding = 4; lastKnownFileType = sourcecode.c.objc; path = SaveUsingCoreData.m; sourceTree = "<group>"; };
		63E07E721B704A230003AFC6 /* Realm.framework */ = {isa = PBXFileReference; lastKnownFileType = wrapper.framework; path = Realm.framework; sourceTree = "<group>"; };
		63E07E741B704A390003AFC6 /* libc++.dylib */ = {isa = PBXFileReference; lastKnownFileType = "compiled.mach-o.dylib"; name = "libc++.dylib"; path = "usr/lib/libc++.dylib"; sourceTree = SDKROOT; };
/* End PBXFileReference section */

/* Begin PBXFrameworksBuildPhase section */
		63E07E321B6CDCCC0003AFC6 /* Frameworks */ = {
			isa = PBXFrameworksBuildPhase;
			buildActionMask = 2147483647;
			files = (
				63E07E751B704A390003AFC6 /* libc++.dylib in Frameworks */,
				63E07E731B704A230003AFC6 /* Realm.framework in Frameworks */,
			);
			runOnlyForDeploymentPostprocessing = 0;
		};
		63E07E4E1B6CDCCC0003AFC6 /* Frameworks */ = {
			isa = PBXFrameworksBuildPhase;
			buildActionMask = 2147483647;
			files = (
			);
			runOnlyForDeploymentPostprocessing = 0;
		};
/* End PBXFrameworksBuildPhase section */

/* Begin PBXGroup section */
		63E07E2C1B6CDCCC0003AFC6 = {
			isa = PBXGroup;
			children = (
				63E07E741B704A390003AFC6 /* libc++.dylib */,
				63E07E371B6CDCCC0003AFC6 /* SaveFactory */,
				63E07E541B6CDCCC0003AFC6 /* SaveFactoryTests */,
				63E07E361B6CDCCC0003AFC6 /* Products */,
			);
			sourceTree = "<group>";
		};
		63E07E361B6CDCCC0003AFC6 /* Products */ = {
			isa = PBXGroup;
			children = (
				63E07E351B6CDCCC0003AFC6 /* SaveFactory.app */,
				63E07E511B6CDCCC0003AFC6 /* SaveFactoryTests.xctest */,
			);
			name = Products;
			sourceTree = "<group>";
		};
		63E07E371B6CDCCC0003AFC6 /* SaveFactory */ = {
			isa = PBXGroup;
			children = (
				63E07E621B6CDD660003AFC6 /* Factory */,
				63E07E3C1B6CDCCC0003AFC6 /* AppDelegate.h */,
				63E07E3D1B6CDCCC0003AFC6 /* AppDelegate.m */,
				63E07E421B6CDCCC0003AFC6 /* ViewController.h */,
				63E07E431B6CDCCC0003AFC6 /* ViewController.m */,
				63E07E451B6CDCCC0003AFC6 /* Main.storyboard */,
				63E07E481B6CDCCC0003AFC6 /* Images.xcassets */,
				63E07E4A1B6CDCCC0003AFC6 /* LaunchScreen.xib */,
				63E07E3F1B6CDCCC0003AFC6 /* SaveFactory.xcdatamodeld */,
				63E07E381B6CDCCC0003AFC6 /* Supporting Files */,
			);
			path = SaveFactory;
			sourceTree = "<group>";
		};
		63E07E381B6CDCCC0003AFC6 /* Supporting Files */ = {
			isa = PBXGroup;
			children = (
				63E07E711B704A230003AFC6 /* Realm */,
				63E07E391B6CDCCC0003AFC6 /* Info.plist */,
				63E07E3A1B6CDCCC0003AFC6 /* main.m */,
				63E07E661B6CDE570003AFC6 /* data.plist */,
			);
			name = "Supporting Files";
			sourceTree = "<group>";
		};
		63E07E541B6CDCCC0003AFC6 /* SaveFactoryTests */ = {
			isa = PBXGroup;
			children = (
				63E07E571B6CDCCC0003AFC6 /* SaveFactoryTests.m */,
				63E07E551B6CDCCC0003AFC6 /* Supporting Files */,
			);
			path = SaveFactoryTests;
			sourceTree = "<group>";
		};
		63E07E551B6CDCCC0003AFC6 /* Supporting Files */ = {
			isa = PBXGroup;
			children = (
				63E07E561B6CDCCC0003AFC6 /* Info.plist */,
			);
			name = "Supporting Files";
			sourceTree = "<group>";
		};
		63E07E621B6CDD660003AFC6 /* Factory */ = {
			isa = PBXGroup;
			children = (
				63E07E611B6CDCFF0003AFC6 /* SaveObject.h */,
				63E07E681B6EE65C0003AFC6 /* SaveFactory.h */,
				63E07E691B6EE65C0003AFC6 /* SaveFactory.m */,
				63E07E631B6CDDC70003AFC6 /* SaveUsingPlist.h */,
				63E07E641B6CDDC70003AFC6 /* SaveUsingPlist.m */,
				63E07E6B1B6EE68C0003AFC6 /* SaveUsingRealm.h */,
				63E07E6C1B6EE68C0003AFC6 /* SaveUsingRealm.m */,
				63E07E6E1B6FA1700003AFC6 /* SaveUsingCoreData.h */,
				63E07E6F1B6FA1700003AFC6 /* SaveUsingCoreData.m */,
			);
			name = Factory;
			sourceTree = "<group>";
		};
		63E07E711B704A230003AFC6 /* Realm */ = {
			isa = PBXGroup;
			children = (
				63E07E721B704A230003AFC6 /* Realm.framework */,
			);
			path = Realm;
			sourceTree = "<group>";
		};
/* End PBXGroup section */

/* Begin PBXNativeTarget section */
		63E07E341B6CDCCC0003AFC6 /* SaveFactory */ = {
			isa = PBXNativeTarget;
			buildConfigurationList = 63E07E5B1B6CDCCC0003AFC6 /* Build configuration list for PBXNativeTarget "SaveFactory" */;
			buildPhases = (
				63E07E311B6CDCCC0003AFC6 /* Sources */,
				63E07E321B6CDCCC0003AFC6 /* Frameworks */,
				63E07E331B6CDCCC0003AFC6 /* Resources */,
			);
			buildRules = (
			);
			dependencies = (
			);
			name = SaveFactory;
			productName = SaveFactory;
			productReference = 63E07E351B6CDCCC0003AFC6 /* SaveFactory.app */;
			productType = "com.apple.product-type.application";
		};
		63E07E501B6CDCCC0003AFC6 /* SaveFactoryTests */ = {
			isa = PBXNativeTarget;
			buildConfigurationList = 63E07E5E1B6CDCCC0003AFC6 /* Build configuration list for PBXNativeTarget "SaveFactoryTests" */;
			buildPhases = (
				63E07E4D1B6CDCCC0003AFC6 /* Sources */,
				63E07E4E1B6CDCCC0003AFC6 /* Frameworks */,
				63E07E4F1B6CDCCC0003AFC6 /* Resources */,
			);
			buildRules = (
			);
			dependencies = (
				63E07E531B6CDCCC0003AFC6 /* PBXTargetDependency */,
			);
			name = SaveFactoryTests;
			productName = SaveFactoryTests;
			productReference = 63E07E511B6CDCCC0003AFC6 /* SaveFactoryTests.xctest */;
			productType = "com.apple.product-type.bundle.unit-test";
		};
/* End PBXNativeTarget section */

/* Begin PBXProject section */
		63E07E2D1B6CDCCC0003AFC6 /* Project object */ = {
			isa = PBXProject;
			attributes = {
				LastUpgradeCheck = 0640;
				ORGANIZATIONNAME = LeeSangchan;
				TargetAttributes = {
					63E07E341B6CDCCC0003AFC6 = {
						CreatedOnToolsVersion = 6.4;
					};
					63E07E501B6CDCCC0003AFC6 = {
						CreatedOnToolsVersion = 6.4;
						TestTargetID = 63E07E341B6CDCCC0003AFC6;
					};
				};
			};
			buildConfigurationList = 63E07E301B6CDCCC0003AFC6 /* Build configuration list for PBXProject "SaveFactory" */;
			compatibilityVersion = "Xcode 3.2";
			developmentRegion = English;
			hasScannedForEncodings = 0;
			knownRegions = (
				en,
				Base,
			);
			mainGroup = 63E07E2C1B6CDCCC0003AFC6;
			productRefGroup = 63E07E361B6CDCCC0003AFC6 /* Products */;
			projectDirPath = "";
			projectRoot = "";
			targets = (
				63E07E341B6CDCCC0003AFC6 /* SaveFactory */,
				63E07E501B6CDCCC0003AFC6 /* SaveFactoryTests */,
			);
		};
/* End PBXProject section */

/* Begin PBXResourcesBuildPhase section */
		63E07E331B6CDCCC0003AFC6 /* Resources */ = {
			isa = PBXResourcesBuildPhase;
			buildActionMask = 2147483647;
			files = (
				63E07E471B6CDCCC0003AFC6 /* Main.storyboard in Resources */,
				63E07E4C1B6CDCCC0003AFC6 /* LaunchScreen.xib in Resources */,
				63E07E671B6CDE570003AFC6 /* data.plist in Resources */,
				63E07E491B6CDCCC0003AFC6 /* Images.xcassets in Resources */,
			);
			runOnlyForDeploymentPostprocessing = 0;
		};
		63E07E4F1B6CDCCC0003AFC6 /* Resources */ = {
			isa = PBXResourcesBuildPhase;
			buildActionMask = 2147483647;
			files = (
			);
			runOnlyForDeploymentPostprocessing = 0;
		};
/* End PBXResourcesBuildPhase section */

/* Begin PBXSourcesBuildPhase section */
		63E07E311B6CDCCC0003AFC6 /* Sources */ = {
			isa = PBXSourcesBuildPhase;
			buildActionMask = 2147483647;
			files = (
				63E07E6D1B6EE68C0003AFC6 /* SaveUsingRealm.m in Sources */,
				63E07E3E1B6CDCCC0003AFC6 /* AppDelegate.m in Sources */,
				63E07E6A1B6EE65D0003AFC6 /* SaveFactory.m in Sources */,
				63E07E411B6CDCCC0003AFC6 /* SaveFactory.xcdatamodeld in Sources */,
				63E07E441B6CDCCC0003AFC6 /* ViewController.m in Sources */,
				63E07E651B6CDDC70003AFC6 /* SaveUsingPlist.m in Sources */,
				63E07E701B6FA1700003AFC6 /* SaveUsingCoreData.m in Sources */,
				63E07E3B1B6CDCCC0003AFC6 /* main.m in Sources */,
			);
			runOnlyForDeploymentPostprocessing = 0;
		};
		63E07E4D1B6CDCCC0003AFC6 /* Sources */ = {
			isa = PBXSourcesBuildPhase;
			buildActionMask = 2147483647;
			files = (
				63E07E581B6CDCCC0003AFC6 /* SaveFactoryTests.m in Sources */,
			);
			runOnlyForDeploymentPostprocessing = 0;
		};
/* End PBXSourcesBuildPhase section */

/* Begin PBXTargetDependency section */
		63E07E531B6CDCCC0003AFC6 /* PBXTargetDependency */ = {
			isa = PBXTargetDependency;
			target = 63E07E341B6CDCCC0003AFC6 /* SaveFactory */;
			targetProxy = 63E07E521B6CDCCC0003AFC6 /* PBXContainerItemProxy */;
		};
/* End PBXTargetDependency section */

/* Begin PBXVariantGroup section */
		63E07E451B6CDCCC0003AFC6 /* Main.storyboard */ = {
			isa = PBXVariantGroup;
			children = (
				63E07E461B6CDCCC0003AFC6 /* Base */,
			);
			name = Main.storyboard;
			sourceTree = "<group>";
		};
		63E07E4A1B6CDCCC0003AFC6 /* LaunchScreen.xib */ = {
			isa = PBXVariantGroup;
			children = (
				63E07E4B1B6CDCCC0003AFC6 /* Base */,
			);
			name = LaunchScreen.xib;
			sourceTree = "<group>";
		};
/* End PBXVariantGroup section */

/* Begin XCBuildConfiguration section */
		63E07E591B6CDCCC0003AFC6 /* Debug */ = {
			isa = XCBuildConfiguration;
			buildSettings = {
				ALWAYS_SEARCH_USER_PATHS = NO;
				CLANG_CXX_LANGUAGE_STANDARD = "gnu++0x";
				CLANG_CXX_LIBRARY = "libc++";
				CLANG_ENABLE_MODULES = YES;
				CLANG_ENABLE_OBJC_ARC = YES;
				CLANG_WARN_BOOL_CONVERSION = YES;
				CLANG_WARN_CONSTANT_CONVERSION = YES;
				CLANG_WARN_DIRECT_OBJC_ISA_USAGE = YES_ERROR;
				CLANG_WARN_EMPTY_BODY = YES;
				CLANG_WARN_ENUM_CONVERSION = YES;
				CLANG_WARN_INT_CONVERSION = YES;
				CLANG_WARN_OBJC_ROOT_CLASS = YES_ERROR;
				CLANG_WARN_UNREACHABLE_CODE = YES;
				CLANG_WARN__DUPLICATE_METHOD_MATCH = YES;
				"CODE_SIGN_IDENTITY[sdk=iphoneos*]" = "iPhone Developer";
				COPY_PHASE_STRIP = NO;
				DEBUG_INFORMATION_FORMAT = "dwarf-with-dsym";
				ENABLE_STRICT_OBJC_MSGSEND = YES;
				GCC_C_LANGUAGE_STANDARD = gnu99;
				GCC_DYNAMIC_NO_PIC = NO;
				GCC_NO_COMMON_BLOCKS = YES;
				GCC_OPTIMIZATION_LEVEL = 0;
				GCC_PREPROCESSOR_DEFINITIONS = (
					"DEBUG=1",
					"$(inherited)",
				);
				GCC_SYMBOLS_PRIVATE_EXTERN = NO;
				GCC_WARN_64_TO_32_BIT_CONVERSION = YES;
				GCC_WARN_ABOUT_RETURN_TYPE = YES_ERROR;
				GCC_WARN_UNDECLARED_SELECTOR = YES;
				GCC_WARN_UNINITIALIZED_AUTOS = YES_AGGRESSIVE;
				GCC_WARN_UNUSED_FUNCTION = YES;
				GCC_WARN_UNUSED_VARIABLE = YES;
				IPHONEOS_DEPLOYMENT_TARGET = 8.4;
				MTL_ENABLE_DEBUG_INFO = YES;
				ONLY_ACTIVE_ARCH = YES;
				SDKROOT = iphoneos;
			};
			name = Debug;
		};
		63E07E5A1B6CDCCC0003AFC6 /* Release */ = {
			isa = XCBuildConfiguration;
			buildSettings = {
				ALWAYS_SEARCH_USER_PATHS = NO;
				CLANG_CXX_LANGUAGE_STANDARD = "gnu++0x";
				CLANG_CXX_LIBRARY = "libc++";
				CLANG_ENABLE_MODULES = YES;
				CLANG_ENABLE_OBJC_ARC = YES;
				CLANG_WARN_BOOL_CONVERSION = YES;
				CLANG_WARN_CONSTANT_CONVERSION = YES;
				CLANG_WARN_DIRECT_OBJC_ISA_USAGE = YES_ERROR;
				CLANG_WARN_EMPTY_BODY = YES;
				CLANG_WARN_ENUM_CONVERSION = YES;
				CLANG_WARN_INT_CONVERSION = YES;
				CLANG_WARN_OBJC_ROOT_CLASS = YES_ERROR;
				CLANG_WARN_UNREACHABLE_CODE = YES;
				CLANG_WARN__DUPLICATE_METHOD_MATCH = YES;
				"CODE_SIGN_IDENTITY[sdk=iphoneos*]" = "iPhone Developer";
				COPY_PHASE_STRIP = NO;
				DEBUG_INFORMATION_FORMAT = "dwarf-with-dsym";
				ENABLE_NS_ASSERTIONS = NO;
				ENABLE_STRICT_OBJC_MSGSEND = YES;
				GCC_C_LANGUAGE_STANDARD = gnu99;
				GCC_NO_COMMON_BLOCKS = YES;
				GCC_WARN_64_TO_32_BIT_CONVERSION = YES;
				GCC_WARN_ABOUT_RETURN_TYPE = YES_ERROR;
				GCC_WARN_UNDECLARED_SELECTOR = YES;
				GCC_WARN_UNINITIALIZED_AUTOS = YES_AGGRESSIVE;
				GCC_WARN_UNUSED_FUNCTION = YES;
				GCC_WARN_UNUSED_VARIABLE = YES;
				IPHONEOS_DEPLOYMENT_TARGET = 8.4;
				MTL_ENABLE_DEBUG_INFO = NO;
				SDKROOT = iphoneos;
				VALIDATE_PRODUCT = YES;
			};
			name = Release;
		};
		63E07E5C1B6CDCCC0003AFC6 /* Debug */ = {
			isa = XCBuildConfiguration;
			buildSettings = {
				ASSETCATALOG_COMPILER_APPICON_NAME = AppIcon;
				FRAMEWORK_SEARCH_PATHS = (
					"$(inherited)",
					"$(PROJECT_DIR)/SaveFactory/Realm",
				);
				INFOPLIST_FILE = SaveFactory/Info.plist;
				LD_RUNPATH_SEARCH_PATHS = "$(inherited) @executable_path/Frameworks";
				PRODUCT_NAME = "$(TARGET_NAME)";
			};
			name = Debug;
		};
		63E07E5D1B6CDCCC0003AFC6 /* Release */ = {
			isa = XCBuildConfiguration;
			buildSettings = {
				ASSETCATALOG_COMPILER_APPICON_NAME = AppIcon;
				FRAMEWORK_SEARCH_PATHS = (
					"$(inherited)",
					"$(PROJECT_DIR)/SaveFactory/Realm",
				);
				INFOPLIST_FILE = SaveFactory/Info.plist;
				LD_RUNPATH_SEARCH_PATHS = "$(inherited) @executable_path/Frameworks";
				PRODUCT_NAME = "$(TARGET_NAME)";
			};
			name = Release;
		};
		63E07E5F1B6CDCCC0003AFC6 /* Debug */ = {
			isa = XCBuildConfiguration;
			buildSettings = {
				BUNDLE_LOADER = "$(TEST_HOST)";
				FRAMEWORK_SEARCH_PATHS = (
					"$(SDKROOT)/Developer/Library/Frameworks",
					"$(inherited)",
				);
				GCC_PREPROCESSOR_DEFINITIONS = (
					"DEBUG=1",
					"$(inherited)",
				);
				INFOPLIST_FILE = SaveFactoryTests/Info.plist;
				LD_RUNPATH_SEARCH_PATHS = "$(inherited) @executable_path/Frameworks @loader_path/Frameworks";
				PRODUCT_NAME = "$(TARGET_NAME)";
				TEST_HOST = "$(BUILT_PRODUCTS_DIR)/SaveFactory.app/SaveFactory";
			};
			name = Debug;
		};
		63E07E601B6CDCCC0003AFC6 /* Release */ = {
			isa = XCBuildConfiguration;
			buildSettings = {
				BUNDLE_LOADER = "$(TEST_HOST)";
				FRAMEWORK_SEARCH_PATHS = (
					"$(SDKROOT)/Developer/Library/Frameworks",
					"$(inherited)",
				);
				INFOPLIST_FILE = SaveFactoryTests/Info.plist;
				LD_RUNPATH_SEARCH_PATHS = "$(inherited) @executable_path/Frameworks @loader_path/Frameworks";
				PRODUCT_NAME = "$(TARGET_NAME)";
				TEST_HOST = "$(BUILT_PRODUCTS_DIR)/SaveFactory.app/SaveFactory";
			};
			name = Release;
		};
/* End XCBuildConfiguration section */

/* Begin XCConfigurationList section */
		63E07E301B6CDCCC0003AFC6 /* Build configuration list for PBXProject "SaveFactory" */ = {
			isa = XCConfigurationList;
			buildConfigurations = (
				63E07E591B6CDCCC0003AFC6 /* Debug */,
				63E07E5A1B6CDCCC0003AFC6 /* Release */,
			);
			defaultConfigurationIsVisible = 0;
			defaultConfigurationName = Release;
		};
		63E07E5B1B6CDCCC0003AFC6 /* Build configuration list for PBXNativeTarget "SaveFactory" */ = {
			isa = XCConfigurationList;
			buildConfigurations = (
				63E07E5C1B6CDCCC0003AFC6 /* Debug */,
				63E07E5D1B6CDCCC0003AFC6 /* Release */,
			);
			defaultConfigurationIsVisible = 0;
			defaultConfigurationName = Release;
		};
		63E07E5E1B6CDCCC0003AFC6 /* Build configuration list for PBXNativeTarget "SaveFactoryTests" */ = {
			isa = XCConfigurationList;
			buildConfigurations = (
				63E07E5F1B6CDCCC0003AFC6 /* Debug */,
				63E07E601B6CDCCC0003AFC6 /* Release */,
			);
			defaultConfigurationIsVisible = 0;
			defaultConfigurationName = Release;
		};
/* End XCConfigurationList section */

/* Begin XCVersionGroup section */
		63E07E3F1B6CDCCC0003AFC6 /* SaveFactory.xcdatamodeld */ = {
			isa = XCVersionGroup;
			children = (
				63E07E401B6CDCCC0003AFC6 /* SaveFactory.xcdatamodel */,
			);
			currentVersion = 63E07E401B6CDCCC0003AFC6 /* SaveFactory.xcdatamodel */;
			path = SaveFactory.xcdatamodeld;
			sourceTree = "<group>";
			versionGroupType = wrapper.xcdatamodel;
		};
/* End XCVersionGroup section */
	};
	rootObject = 63E07E2D1B6CDCCC0003AFC6 /* Project object */;
}
